
Microsoft Visual Studio Solution File, Format Version 12.00
# Visual Studio Version 17
VisualStudioVersion = 17.9.34723.18
MinimumVisualStudioVersion = 10.0.40219.1
Project("{FAE04EC0-301F-11D3-BF4B-00C04F79EFBC}") = "BTLweb", "BTLweb.csproj", "{85BB8658-9479-4A59-89D2-A57176DAE393}"
EndProject
Project("{2150E333-8FDC-42A3-9474-1A3956D46DE8}") = "Solution Items", "Solution Items", "{2CC74654-55E7-4891-8606-2A50CA8A536B}"
EndProject
Global
	GlobalSection(SolutionConfigurationPlatforms) = preSolution
		Debug|Any CPU = Debug|Any CPU
		Release|Any CPU = Release|Any CPU
	EndGlobalSection
	GlobalSection(ProjectConfigurationPlatforms) = postSolution
		{85BB8658-9479-4A59-89D2-A57176DAE393}.Debug|Any CPU.ActiveCfg = Debug|Any CPU
		{85BB8658-9479-4A59-89D2-A57176DAE393}.Debug|Any CPU.Build.0 = Debug|Any CPU
		{85BB8658-9479-4A59-89D2-A57176DAE393}.Release|Any CPU.ActiveCfg = Release|Any CPU
		{85BB8658-9479-4A59-89D2-A57176DAE393}.Release|Any CPU.Build.0 = Release|Any CPU
	EndGlobalSection
	GlobalSection(SolutionProperties) = preSolution
		HideSolutionNode = FALSE
	EndGlobalSection
	GlobalSection(ExtensibilityGlobals) = postSolution
		SolutionGuid = {8C23482B-F6C9-46DD-830A-50A191834BD2}
	EndGlobalSection
EndGlobal
